
Microsoft Visual Studio Solution File, Format Version 12.00
# Visual Studio Version 17
VisualStudioVersion = 17.11.35312.102
MinimumVisualStudioVersion = 10.0.40219.1
Project("{9A19103F-16F7-4668-BE54-9A1E7A4F7556}") = "PhotoPortal", "PhotoPortal\PhotoPortal\PhotoPortal.csproj", "{C3B910DD-2B1A-4E9D-B482-3E73AECD0908}"
EndProject
Project("{9A19103F-16F7-4668-BE54-9A1E7A4F7556}") = "PhotoPortal.Client", "PhotoPortal\PhotoPortal.Client\PhotoPortal.Client.csproj", "{2C273D62-8655-44EC-8E8D-7685251F9B1C}"
EndProject
Project("{9A19103F-16F7-4668-BE54-9A1E7A4F7556}") = "PhotoPortal.Shared", "PhotoPortal.Shared\PhotoPortal.Shared.csproj", "{AE757CA2-C856-45C7-BA7D-335DDF224801}"
EndProject
Global
	GlobalSection(SolutionConfigurationPlatforms) = preSolution
		Debug|Any CPU = Debug|Any CPU
		Release|Any CPU = Release|Any CPU
	EndGlobalSection
	GlobalSection(ProjectConfigurationPlatforms) = postSolution
		{C3B910DD-2B1A-4E9D-B482-3E73AECD0908}.Debug|Any CPU.ActiveCfg = Debug|Any CPU
		{C3B910DD-2B1A-4E9D-B482-3E73AECD0908}.Debug|Any CPU.Build.0 = Debug|Any CPU
		{C3B910DD-2B1A-4E9D-B482-3E73AECD0908}.Release|Any CPU.ActiveCfg = Release|Any CPU
		{C3B910DD-2B1A-4E9D-B482-3E73AECD0908}.Release|Any CPU.Build.0 = Release|Any CPU
		{2C273D62-8655-44EC-8E8D-7685251F9B1C}.Debug|Any CPU.ActiveCfg = Debug|Any CPU
		{2C273D62-8655-44EC-8E8D-7685251F9B1C}.Debug|Any CPU.Build.0 = Debug|Any CPU
		{2C273D62-8655-44EC-8E8D-7685251F9B1C}.Release|Any CPU.ActiveCfg = Release|Any CPU
		{2C273D62-8655-44EC-8E8D-7685251F9B1C}.Release|Any CPU.Build.0 = Release|Any CPU
		{AE757CA2-C856-45C7-BA7D-335DDF224801}.Debug|Any CPU.ActiveCfg = Debug|Any CPU
		{AE757CA2-C856-45C7-BA7D-335DDF224801}.Debug|Any CPU.Build.0 = Debug|Any CPU
		{AE757CA2-C856-45C7-BA7D-335DDF224801}.Release|Any CPU.ActiveCfg = Release|Any CPU
		{AE757CA2-C856-45C7-BA7D-335DDF224801}.Release|Any CPU.Build.0 = Release|Any CPU
	EndGlobalSection
	GlobalSection(SolutionProperties) = preSolution
		HideSolutionNode = FALSE
	EndGlobalSection
	GlobalSection(ExtensibilityGlobals) = postSolution
		SolutionGuid = {B13BCAC1-4870-4FB4-BF98-16A4A0EDC27B}
	EndGlobalSection
EndGlobal
